
Microsoft Visual Studio Solution File, Format Version 12.00
# Visual Studio Version 17
VisualStudioVersion = 17.0.31903.59
MinimumVisualStudioVersion = 10.0.40219.1
Project("{FAE04EC0-301F-11D3-BF4B-00C04F79EFBC}") = "Sofee.Core.API", "Sofee.Core.API\Sofee.Core.API.csproj", "{86C612FD-5C47-44CA-BAD2-64649FBB4B7C}"
EndProject
Project("{FAE04EC0-301F-11D3-BF4B-00C04F79EFBC}") = "Sofee.Core.API.Tests.Unit", "Sofee.Core.API.Tests.Unit\Sofee.Core.API.Tests.Unit.csproj", "{4DEB7945-CB4B-47CC-948B-DF33BCCBF623}"
EndProject
Global
	GlobalSection(SolutionConfigurationPlatforms) = preSolution
		Debug|Any CPU = Debug|Any CPU
		Release|Any CPU = Release|Any CPU
	EndGlobalSection
	GlobalSection(ProjectConfigurationPlatforms) = postSolution
		{86C612FD-5C47-44CA-BAD2-64649FBB4B7C}.Debug|Any CPU.ActiveCfg = Debug|Any CPU
		{86C612FD-5C47-44CA-BAD2-64649FBB4B7C}.Debug|Any CPU.Build.0 = Debug|Any CPU
		{86C612FD-5C47-44CA-BAD2-64649FBB4B7C}.Release|Any CPU.ActiveCfg = Release|Any CPU
		{86C612FD-5C47-44CA-BAD2-64649FBB4B7C}.Release|Any CPU.Build.0 = Release|Any CPU
		{4DEB7945-CB4B-47CC-948B-DF33BCCBF623}.Debug|Any CPU.ActiveCfg = Debug|Any CPU
		{4DEB7945-CB4B-47CC-948B-DF33BCCBF623}.Debug|Any CPU.Build.0 = Debug|Any CPU
		{4DEB7945-CB4B-47CC-948B-DF33BCCBF623}.Release|Any CPU.ActiveCfg = Release|Any CPU
		{4DEB7945-CB4B-47CC-948B-DF33BCCBF623}.Release|Any CPU.Build.0 = Release|Any CPU
	EndGlobalSection
	GlobalSection(SolutionProperties) = preSolution
		HideSolutionNode = FALSE
	EndGlobalSection
	GlobalSection(ExtensibilityGlobals) = postSolution
		SolutionGuid = {F057A2EC-3205-4DF9-B3FB-EE8F988C52DA}
	EndGlobalSection
EndGlobal
